
Microsoft Visual Studio Solution File, Format Version 12.00
# Visual Studio Version 16
VisualStudioVersion = 16.0.28531.58
MinimumVisualStudioVersion = 10.0.40219.1
Project("{9A19103F-16F7-4668-BE54-9A1E7A4F7556}") = "Shop.Common", "Shop.Common\Shop.Common.csproj", "{1308EBFC-B5F9-4C09-8C1E-A686F5509510}"
EndProject
Project("{2150E333-8FDC-42A3-9474-1A3956D46DE8}") = "Backend", "Backend", "{38DCA4F1-C82B-443C-9B00-09EA61F62B2E}"
EndProject
Project("{2150E333-8FDC-42A3-9474-1A3956D46DE8}") = "Frontend", "Frontend", "{2296FA01-7036-4285-BE47-640B87A75D7D}"
EndProject
Project("{9A19103F-16F7-4668-BE54-9A1E7A4F7556}") = "Shop.Web", "Shop.Web\Shop.Web.csproj", "{C5D23F34-6046-4068-8EAC-87321B69075B}"
EndProject
Project("{2150E333-8FDC-42A3-9474-1A3956D46DE8}") = "Forms", "Forms", "{EFC9AB15-501D-484A-93DE-69B29D9433C7}"
EndProject
Project("{2150E333-8FDC-42A3-9474-1A3956D46DE8}") = "Classic", "Classic", "{96D86400-B790-4CCF-B350-4383C547B39A}"
EndProject
Project("{FAE04EC0-301F-11D3-BF4B-00C04F79EFBC}") = "Shop.UIForm.Android", "Shop.UIForm\Shop.UIForm.Android\Shop.UIForm.Android.csproj", "{D8042DC0-31C3-4F6B-AEDD-9949339FF248}"
EndProject
Project("{FAE04EC0-301F-11D3-BF4B-00C04F79EFBC}") = "Shop.UIForm.iOS", "Shop.UIForm\Shop.UIForm.iOS\Shop.UIForm.iOS.csproj", "{6C9DBB93-6837-452E-958D-995482CAEF2A}"
EndProject
Project("{9A19103F-16F7-4668-BE54-9A1E7A4F7556}") = "Shop.UIForm", "Shop.UIForm\Shop.UIForm\Shop.UIForm.csproj", "{5A22972B-2FEC-48B1-9336-57D64816B7F9}"
EndProject
Project("{FAE04EC0-301F-11D3-BF4B-00C04F79EFBC}") = "Shop.UIClassic.Android", "Shop.UIClassic.Android\Shop.UIClassic.Android.csproj", "{87804E3F-6DFC-4EFA-8948-8B1254173DDD}"
EndProject
Project("{FAE04EC0-301F-11D3-BF4B-00C04F79EFBC}") = "Shop.UIClassic.iOS", "Shop.UIClassic.iOS\Shop.UIClassic.iOS.csproj", "{9BC5DF9E-2191-4C42-8006-A468B1A5FBD2}"
EndProject
Project("{9A19103F-16F7-4668-BE54-9A1E7A4F7556}") = "Shop.UIClassic", "Shop.UIClassic\Shop.UIClassic.csproj", "{7E0C5EA1-56DD-48E1-8545-5FF5E4F0A873}"
EndProject
Global
	GlobalSection(SolutionConfigurationPlatforms) = preSolution
		Debug|Any CPU = Debug|Any CPU
		Debug|iPhone = Debug|iPhone
		Debug|iPhoneSimulator = Debug|iPhoneSimulator
		Release|Any CPU = Release|Any CPU
		Release|iPhone = Release|iPhone
		Release|iPhoneSimulator = Release|iPhoneSimulator
	EndGlobalSection
	GlobalSection(ProjectConfigurationPlatforms) = postSolution
		{1308EBFC-B5F9-4C09-8C1E-A686F5509510}.Debug|Any CPU.ActiveCfg = Debug|Any CPU
		{1308EBFC-B5F9-4C09-8C1E-A686F5509510}.Debug|Any CPU.Build.0 = Debug|Any CPU
		{1308EBFC-B5F9-4C09-8C1E-A686F5509510}.Debug|iPhone.ActiveCfg = Debug|Any CPU
		{1308EBFC-B5F9-4C09-8C1E-A686F5509510}.Debug|iPhone.Build.0 = Debug|Any CPU
		{1308EBFC-B5F9-4C09-8C1E-A686F5509510}.Debug|iPhoneSimulator.ActiveCfg = Debug|Any CPU
		{1308EBFC-B5F9-4C09-8C1E-A686F5509510}.Debug|iPhoneSimulator.Build.0 = Debug|Any CPU
		{1308EBFC-B5F9-4C09-8C1E-A686F5509510}.Release|Any CPU.ActiveCfg = Release|Any CPU
		{1308EBFC-B5F9-4C09-8C1E-A686F5509510}.Release|Any CPU.Build.0 = Release|Any CPU
		{1308EBFC-B5F9-4C09-8C1E-A686F5509510}.Release|iPhone.ActiveCfg = Release|Any CPU
		{1308EBFC-B5F9-4C09-8C1E-A686F5509510}.Release|iPhone.Build.0 = Release|Any CPU
		{1308EBFC-B5F9-4C09-8C1E-A686F5509510}.Release|iPhoneSimulator.ActiveCfg = Release|Any CPU
		{1308EBFC-B5F9-4C09-8C1E-A686F5509510}.Release|iPhoneSimulator.Build.0 = Release|Any CPU
		{C5D23F34-6046-4068-8EAC-87321B69075B}.Debug|Any CPU.ActiveCfg = Debug|Any CPU
		{C5D23F34-6046-4068-8EAC-87321B69075B}.Debug|Any CPU.Build.0 = Debug|Any CPU
		{C5D23F34-6046-4068-8EAC-87321B69075B}.Debug|iPhone.ActiveCfg = Debug|Any CPU
		{C5D23F34-6046-4068-8EAC-87321B69075B}.Debug|iPhone.Build.0 = Debug|Any CPU
		{C5D23F34-6046-4068-8EAC-87321B69075B}.Debug|iPhoneSimulator.ActiveCfg = Debug|Any CPU
		{C5D23F34-6046-4068-8EAC-87321B69075B}.Debug|iPhoneSimulator.Build.0 = Debug|Any CPU
		{C5D23F34-6046-4068-8EAC-87321B69075B}.Release|Any CPU.ActiveCfg = Release|Any CPU
		{C5D23F34-6046-4068-8EAC-87321B69075B}.Release|Any CPU.Build.0 = Release|Any CPU
		{C5D23F34-6046-4068-8EAC-87321B69075B}.Release|iPhone.ActiveCfg = Release|Any CPU
		{C5D23F34-6046-4068-8EAC-87321B69075B}.Release|iPhone.Build.0 = Release|Any CPU
		{C5D23F34-6046-4068-8EAC-87321B69075B}.Release|iPhoneSimulator.ActiveCfg = Release|Any CPU
		{C5D23F34-6046-4068-8EAC-87321B69075B}.Release|iPhoneSimulator.Build.0 = Release|Any CPU
		{D8042DC0-31C3-4F6B-AEDD-9949339FF248}.Debug|Any CPU.ActiveCfg = Debug|Any CPU
		{D8042DC0-31C3-4F6B-AEDD-9949339FF248}.Debug|Any CPU.Build.0 = Debug|Any CPU
		{D8042DC0-31C3-4F6B-AEDD-9949339FF248}.Debug|Any CPU.Deploy.0 = Debug|Any CPU
		{D8042DC0-31C3-4F6B-AEDD-9949339FF248}.Debug|iPhone.ActiveCfg = Debug|Any CPU
		{D8042DC0-31C3-4F6B-AEDD-9949339FF248}.Debug|iPhone.Build.0 = Debug|Any CPU
		{D8042DC0-31C3-4F6B-AEDD-9949339FF248}.Debug|iPhone.Deploy.0 = Debug|Any CPU
		{D8042DC0-31C3-4F6B-AEDD-9949339FF248}.Debug|iPhoneSimulator.ActiveCfg = Debug|Any CPU
		{D8042DC0-31C3-4F6B-AEDD-9949339FF248}.Debug|iPhoneSimulator.Build.0 = Debug|Any CPU
		{D8042DC0-31C3-4F6B-AEDD-9949339FF248}.Debug|iPhoneSimulator.Deploy.0 = Debug|Any CPU
		{D8042DC0-31C3-4F6B-AEDD-9949339FF248}.Release|Any CPU.ActiveCfg = Release|Any CPU
		{D8042DC0-31C3-4F6B-AEDD-9949339FF248}.Release|Any CPU.Build.0 = Release|Any CPU
		{D8042DC0-31C3-4F6B-AEDD-9949339FF248}.Release|Any CPU.Deploy.0 = Release|Any CPU
		{D8042DC0-31C3-4F6B-AEDD-9949339FF248}.Release|iPhone.ActiveCfg = Release|Any CPU
		{D8042DC0-31C3-4F6B-AEDD-9949339FF248}.Release|iPhone.Build.0 = Release|Any CPU
		{D8042DC0-31C3-4F6B-AEDD-9949339FF248}.Release|iPhone.Deploy.0 = Release|Any CPU
		{D8042DC0-31C3-4F6B-AEDD-9949339FF248}.Release|iPhoneSimulator.ActiveCfg = Release|Any CPU
		{D8042DC0-31C3-4F6B-AEDD-9949339FF248}.Release|iPhoneSimulator.Build.0 = Release|Any CPU
		{D8042DC0-31C3-4F6B-AEDD-9949339FF248}.Release|iPhoneSimulator.Deploy.0 = Release|Any CPU
		{6C9DBB93-6837-452E-958D-995482CAEF2A}.Debug|Any CPU.ActiveCfg = Debug|iPhone
		{6C9DBB93-6837-452E-958D-995482CAEF2A}.Debug|iPhone.ActiveCfg = Debug|iPhone
		{6C9DBB93-6837-452E-958D-995482CAEF2A}.Debug|iPhone.Build.0 = Debug|iPhone
		{6C9DBB93-6837-452E-958D-995482CAEF2A}.Debug|iPhoneSimulator.ActiveCfg = Debug|iPhoneSimulator
		{6C9DBB93-6837-452E-958D-995482CAEF2A}.Debug|iPhoneSimulator.Build.0 = Debug|iPhoneSimulator
		{6C9DBB93-6837-452E-958D-995482CAEF2A}.Release|Any CPU.ActiveCfg = Release|iPhone
		{6C9DBB93-6837-452E-958D-995482CAEF2A}.Release|iPhone.ActiveCfg = Release|iPhone
		{6C9DBB93-6837-452E-958D-995482CAEF2A}.Release|iPhone.Build.0 = Release|iPhone
		{6C9DBB93-6837-452E-958D-995482CAEF2A}.Release|iPhoneSimulator.ActiveCfg = Release|iPhoneSimulator
		{6C9DBB93-6837-452E-958D-995482CAEF2A}.Release|iPhoneSimulator.Build.0 = Release|iPhoneSimulator
		{5A22972B-2FEC-48B1-9336-57D64816B7F9}.Debug|Any CPU.ActiveCfg = Debug|Any CPU
		{5A22972B-2FEC-48B1-9336-57D64816B7F9}.Debug|Any CPU.Build.0 = Debug|Any CPU
		{5A22972B-2FEC-48B1-9336-57D64816B7F9}.Debug|iPhone.ActiveCfg = Debug|Any CPU
		{5A22972B-2FEC-48B1-9336-57D64816B7F9}.Debug|iPhone.Build.0 = Debug|Any CPU
		{5A22972B-2FEC-48B1-9336-57D64816B7F9}.Debug|iPhoneSimulator.ActiveCfg = Debug|Any CPU
		{5A22972B-2FEC-48B1-9336-57D64816B7F9}.Debug|iPhoneSimulator.Build.0 = Debug|Any CPU
		{5A22972B-2FEC-48B1-9336-57D64816B7F9}.Release|Any CPU.ActiveCfg = Release|Any CPU
		{5A22972B-2FEC-48B1-9336-57D64816B7F9}.Release|Any CPU.Build.0 = Release|Any CPU
		{5A22972B-2FEC-48B1-9336-57D64816B7F9}.Release|iPhone.ActiveCfg = Release|Any CPU
		{5A22972B-2FEC-48B1-9336-57D64816B7F9}.Release|iPhone.Build.0 = Release|Any CPU
		{5A22972B-2FEC-48B1-9336-57D64816B7F9}.Release|iPhoneSimulator.ActiveCfg = Release|Any CPU
		{5A22972B-2FEC-48B1-9336-57D64816B7F9}.Release|iPhoneSimulator.Build.0 = Release|Any CPU
		{87804E3F-6DFC-4EFA-8948-8B1254173DDD}.Debug|Any CPU.ActiveCfg = Debug|Any CPU
		{87804E3F-6DFC-4EFA-8948-8B1254173DDD}.Debug|Any CPU.Build.0 = Debug|Any CPU
		{87804E3F-6DFC-4EFA-8948-8B1254173DDD}.Debug|Any CPU.Deploy.0 = Debug|Any CPU
		{87804E3F-6DFC-4EFA-8948-8B1254173DDD}.Debug|iPhone.ActiveCfg = Debug|Any CPU
		{87804E3F-6DFC-4EFA-8948-8B1254173DDD}.Debug|iPhone.Build.0 = Debug|Any CPU
		{87804E3F-6DFC-4EFA-8948-8B1254173DDD}.Debug|iPhone.Deploy.0 = Debug|Any CPU
		{87804E3F-6DFC-4EFA-8948-8B1254173DDD}.Debug|iPhoneSimulator.ActiveCfg = Debug|Any CPU
		{87804E3F-6DFC-4EFA-8948-8B1254173DDD}.Debug|iPhoneSimulator.Build.0 = Debug|Any CPU
		{87804E3F-6DFC-4EFA-8948-8B1254173DDD}.Debug|iPhoneSimulator.Deploy.0 = Debug|Any CPU
		{87804E3F-6DFC-4EFA-8948-8B1254173DDD}.Release|Any CPU.ActiveCfg = Release|Any CPU
		{87804E3F-6DFC-4EFA-8948-8B1254173DDD}.Release|Any CPU.Build.0 = Release|Any CPU
		{87804E3F-6DFC-4EFA-8948-8B1254173DDD}.Release|Any CPU.Deploy.0 = Release|Any CPU
		{87804E3F-6DFC-4EFA-8948-8B1254173DDD}.Release|iPhone.ActiveCfg = Release|Any CPU
		{87804E3F-6DFC-4EFA-8948-8B1254173DDD}.Release|iPhone.Build.0 = Release|Any CPU
		{87804E3F-6DFC-4EFA-8948-8B1254173DDD}.Release|iPhone.Deploy.0 = Release|Any CPU
		{87804E3F-6DFC-4EFA-8948-8B1254173DDD}.Release|iPhoneSimulator.ActiveCfg = Release|Any CPU
		{87804E3F-6DFC-4EFA-8948-8B1254173DDD}.Release|iPhoneSimulator.Build.0 = Release|Any CPU
		{87804E3F-6DFC-4EFA-8948-8B1254173DDD}.Release|iPhoneSimulator.Deploy.0 = Release|Any CPU
		{9BC5DF9E-2191-4C42-8006-A468B1A5FBD2}.Debug|Any CPU.ActiveCfg = Debug|iPhone
		{9BC5DF9E-2191-4C42-8006-A468B1A5FBD2}.Debug|iPhone.ActiveCfg = Debug|iPhone
		{9BC5DF9E-2191-4C42-8006-A468B1A5FBD2}.Debug|iPhone.Build.0 = Debug|iPhone
		{9BC5DF9E-2191-4C42-8006-A468B1A5FBD2}.Debug|iPhoneSimulator.ActiveCfg = Debug|iPhoneSimulator
		{9BC5DF9E-2191-4C42-8006-A468B1A5FBD2}.Debug|iPhoneSimulator.Build.0 = Debug|iPhoneSimulator
		{9BC5DF9E-2191-4C42-8006-A468B1A5FBD2}.Release|Any CPU.ActiveCfg = Release|iPhone
		{9BC5DF9E-2191-4C42-8006-A468B1A5FBD2}.Release|iPhone.ActiveCfg = Release|iPhone
		{9BC5DF9E-2191-4C42-8006-A468B1A5FBD2}.Release|iPhone.Build.0 = Release|iPhone
		{9BC5DF9E-2191-4C42-8006-A468B1A5FBD2}.Release|iPhoneSimulator.ActiveCfg = Release|iPhoneSimulator
		{9BC5DF9E-2191-4C42-8006-A468B1A5FBD2}.Release|iPhoneSimulator.Build.0 = Release|iPhoneSimulator
		{7E0C5EA1-56DD-48E1-8545-5FF5E4F0A873}.Debug|Any CPU.ActiveCfg = Debug|Any CPU
		{7E0C5EA1-56DD-48E1-8545-5FF5E4F0A873}.Debug|Any CPU.Build.0 = Debug|Any CPU
		{7E0C5EA1-56DD-48E1-8545-5FF5E4F0A873}.Debug|iPhone.ActiveCfg = Debug|Any CPU
		{7E0C5EA1-56DD-48E1-8545-5FF5E4F0A873}.Debug|iPhone.Build.0 = Debug|Any CPU
		{7E0C5EA1-56DD-48E1-8545-5FF5E4F0A873}.Debug|iPhoneSimulator.ActiveCfg = Debug|Any CPU
		{7E0C5EA1-56DD-48E1-8545-5FF5E4F0A873}.Debug|iPhoneSimulator.Build.0 = Debug|Any CPU
		{7E0C5EA1-56DD-48E1-8545-5FF5E4F0A873}.Release|Any CPU.ActiveCfg = Release|Any CPU
		{7E0C5EA1-56DD-48E1-8545-5FF5E4F0A873}.Release|Any CPU.Build.0 = Release|Any CPU
		{7E0C5EA1-56DD-48E1-8545-5FF5E4F0A873}.Release|iPhone.ActiveCfg = Release|Any CPU
		{7E0C5EA1-56DD-48E1-8545-5FF5E4F0A873}.Release|iPhone.Build.0 = Release|Any CPU
		{7E0C5EA1-56DD-48E1-8545-5FF5E4F0A873}.Release|iPhoneSimulator.ActiveCfg = Release|Any CPU
		{7E0C5EA1-56DD-48E1-8545-5FF5E4F0A873}.Release|iPhoneSimulator.Build.0 = Release|Any CPU
	EndGlobalSection
	GlobalSection(SolutionProperties) = preSolution
		HideSolutionNode = FALSE
	EndGlobalSection
	GlobalSection(NestedProjects) = preSolution
		{C5D23F34-6046-4068-8EAC-87321B69075B} = {38DCA4F1-C82B-443C-9B00-09EA61F62B2E}
		{EFC9AB15-501D-484A-93DE-69B29D9433C7} = {2296FA01-7036-4285-BE47-640B87A75D7D}
		{96D86400-B790-4CCF-B350-4383C547B39A} = {2296FA01-7036-4285-BE47-640B87A75D7D}
		{D8042DC0-31C3-4F6B-AEDD-9949339FF248} = {EFC9AB15-501D-484A-93DE-69B29D9433C7}
		{6C9DBB93-6837-452E-958D-995482CAEF2A} = {EFC9AB15-501D-484A-93DE-69B29D9433C7}
		{5A22972B-2FEC-48B1-9336-57D64816B7F9} = {EFC9AB15-501D-484A-93DE-69B29D9433C7}
		{87804E3F-6DFC-4EFA-8948-8B1254173DDD} = {96D86400-B790-4CCF-B350-4383C547B39A}
		{9BC5DF9E-2191-4C42-8006-A468B1A5FBD2} = {96D86400-B790-4CCF-B350-4383C547B39A}
		{7E0C5EA1-56DD-48E1-8545-5FF5E4F0A873} = {96D86400-B790-4CCF-B350-4383C547B39A}
	EndGlobalSection
	GlobalSection(ExtensibilityGlobals) = postSolution
		SolutionGuid = {AFB19867-4E2C-435C-8BC9-72292A41C04E}
	EndGlobalSection
EndGlobal
